github.com/OperatorFoundation/monolith-go/monolith v0.0.0-20200211182645-3f416e29e205 h1:ENL3uQkGxIPJbLi6eXse+bFuAGJB7vzK6e+bdZOMm9c=
github.com/OperatorFoundation/monolith-go/monolith v0.0.0-20200211182645-3f416e29e205/go.mod h1:qc60ZvCt83JnWf2ZtLq8nkVH6s1gStEwywhox+2y0FY=
github.com/OperatorFoundation/monolith-go/monolith v1.0.1 h1:krnieqiUjzCGE/Mb4zy6lwr+RkR7WRK2jFP5EpL3Yvg=
github.com/OperatorFoundation/monolith-go/monolith v1.0.1/go.mod h1:qc60ZvCt83JnWf2ZtLq8nkVH6s1gStEwywhox+2y0FY=
github.com/OperatorFoundation/shapeshifter-ipc v0.0.0-20170814234159-11746ba927e0 h1:zDYt6FDJwDSX4woVFVK2EMt7fkxU5L5qDNLUjQwA+BQ=
github.com/OperatorFoundation/shapeshifter-ipc v0.0.0-20170814234159-11746ba927e0/go.mod h1:kB00Ak8Dgn1uZlZHLc/WsUta58Jc+n/ZhCetcPkh42Q=
github.com/OperatorFoundation/shapeshifter-transports v2.1.5+incompatible h1:1S3doS1jE/2X0FTiJWakrZVAmknj2IqZ1XL46zBA0XM=
github.com/OperatorFoundation/shapeshifter-transports/transports v0.0.0-20200218224946-cac72fbc8eb3 h1:D0oWnlYienV6VqTbeGPL4YYJoqCeK6kvBOS2wMv5Brk=
github.com/aead/chacha20 v0.0.0-20180709150244-8b13a72661da h1:KjTM2ks9d14ZYCvmHS9iAKVt9AyzRSqNU1qabPih5BY=
github.com/aead/chacha20 v0.0.0-20180709150244-8b13a72661da/go.mod h1:eHEWzANqSiWQsof+nXEI9bUVUyV6F53Fp89EuCh2EAA=
github.com/deckarep/golang-set v1.7.1 h1:SCQV0S6gTtp6itiFrTqI+pfmJ4LN85S1YzhDf9rTHJQ=
github.com/deckarep/golang-set v1.7.1/go.mod h1:93vsz/8Wt4joVM7c2AVqh+YRMiUSc14yDtF28KmMOgQ=
github.com/opentracing/opentracing-go v1.1.0 h1:pWlfV3Bxv7k65HYwkikxat0+s3pV4bsqf19k25Ur8rU=
github.com/opentracing/opentracing-go v1.1.0/go.mod h1:UkNAQd3GIcIGf0SeVgPpRdFStlNbqXla1AfSYxPUl2o=
golang.org/x/crypto v0.0.0-20190308221718-c2843e01d9a2 h1:VklqNMn3ovrHsnt90PveolxSbWFaJdECFbxSq0Mqo2M=
golang.org/x/crypto v0.0.0-20190308221718-c2843e01d9a2/go.mod h1:djNgcEr1/C05ACkg1iLfiJU5Ep61QUkGW8qpdssI0+w=
golang.org/x/net v0.0.0-20200202094626-16171245cfb2 h1:CCH4IOTTfewWjGOlSp+zGcjutRKlBEZQ6wTn8ozI/nI=
golang.org/x/net v0.0.0-20200202094626-16171245cfb2/go.mod h1:z5CRVTTTmAJ677TzLLGU+0bjPO0LkuOLi4/5GtJWs/s=
golang.org/x/sys v0.0.0-20190215142949-d0b11bdaac8a h1:1BGLXjeY4akVXGgbC9HugT3Jv3hCI0z56oJR5vAMgBU=
golang.org/x/sys v0.0.0-20190215142949-d0b11bdaac8a/go.mod h1:STP8DvDyc/dI5b8T5hshtkjS+E42TnysNCUPdjciGhY=
golang.org/x/text v0.3.0/go.mod h1:NqM8EUOU14njkJ3fqMW+pc6Ldnwhi/IjpwHt7yyuwOQ=
